<?xml version="1.0" encoding="UTF-8"?>
<Scheme
   LastUpgradeVersion = "0830"
   version = "1.3">
   <BuildAction
      parallelizeBuildables = "YES"
      buildImplicitDependencies = "YES">
      <BuildActionEntries>
         <BuildActionEntry
            buildForTesting = "YES"
            buildForRunning = "YES"
            buildForProfiling = "YES"
            buildForArchiving = "YES"
            buildForAnalyzing = "YES">
            <BuildableReference
               BuildableIdentifier = "primary"
               BlueprintIdentifier = "873E4B691F1E0BAD00CCB400"
               BuildableName = "QQ&#x4fa7;&#x8fb9;&#x680f;.app"
               BlueprintName = "QQ&#x4fa7;&#x8fb9;&#x680f;"
               ReferencedContainer = "container:QQ&#x4fa7;&#x8fb9;&#x680f;.xcodeproj">
            </BuildableReference>
         </BuildActionEntry>
      </BuildActionEntries>
   </BuildAction>
   <TestAction
      buildConfiguration = "Debug"
      selectedDebuggerIdentifier = "Xcode.DebuggerFoundation.Debugger.LLDB"
      selectedLauncherIdentifier = "Xcode.DebuggerFoundation.Launcher.LLDB"
      shouldUseLaunchSchemeArgsEnv = "YES">
      <Testables>
         <TestableReference
            skipped = "NO">
            <BuildableReference
               BuildableIdentifier = "primary"
               BlueprintIdentifier = "873E4B821F1E0BAE00CCB400"
               BuildableName = "QQ&#x4fa7;&#x8fb9;&#x680f;Tests.xctest"
               BlueprintName = "QQ&#x4fa7;&#x8fb9;&#x680f;Tests"
               ReferencedContainer = "container:QQ&#x4fa7;&#x8fb9;&#x680f;.xcodeproj">
            </BuildableReference>
         </TestableReference>
         <TestableReference
            skipped = "NO">
            <BuildableReference
               BuildableIdentifier = "primary"
               BlueprintIdentifier = "873E4B8D1F1E0BAE00CCB400"
               BuildableName = "QQ&#x4fa7;&#x8fb9;&#x680f;UITests.xctest"
               BlueprintName = "QQ&#x4fa7;&#x8fb9;&#x680f;UITests"
               ReferencedContainer = "container:QQ&#x4fa7;&#x8fb9;&#x680f;.xcodeproj">
            </BuildableReference>
         </TestableReference>
      </Testables>
      <MacroExpansion>
         <BuildableReference
            BuildableIdentifier = "primary"
            BlueprintIdentifier = "873E4B691F1E0BAD00CCB400"
            BuildableName = "QQ&#x4fa7;&#x8fb9;&#x680f;.app"
            BlueprintName = "QQ&#x4fa7;&#x8fb9;&#x680f;"
            ReferencedContainer = "container:QQ&#x4fa7;&#x8fb9;&#x680f;.xcodeproj">
         </BuildableReference>
      </MacroExpansion>
      <AdditionalOptions>
      </AdditionalOptions>
   </TestAction>
   <LaunchAction
      buildConfiguration = "Debug"
      selectedDebuggerIdentifier = "Xcode.DebuggerFoundation.Debugger.LLDB"
      selectedLauncherIdentifier = "Xcode.DebuggerFoundation.Launcher.LLDB"
      launchStyle = "0"
      useCustomWorkingDirectory = "NO"
      ignoresPersistentStateOnLaunch = "NO"
      debugDocumentVersioning = "YES"
      debugServiceExtension = "internal"
      allowLocationSimulation = "YES">
      <BuildableProductRunnable
         runnableDebuggingMode = "0">
         <BuildableReference
            BuildableIdentifier = "primary"
            BlueprintIdentifier = "873E4B691F1E0BAD00CCB400"
            BuildableName = "QQ&#x4fa7;&#x8fb9;&#x680f;.app"
            BlueprintName = "QQ&#x4fa7;&#x8fb9;&#x680f;"
            ReferencedContainer = "container:QQ&#x4fa7;&#x8fb9;&#x680f;.xcodeproj">
         </BuildableReference>
      </BuildableProductRunnable>
      <AdditionalOptions>
      </AdditionalOptions>
   </LaunchAction>
   <ProfileAction
      buildConfiguration = "Release"
      shouldUseLaunchSchemeArgsEnv = "YES"
      savedToolIdentifier = ""
      useCustomWorkingDirectory = "NO"
      debugDocumentVersioning = "YES">
      <BuildableProductRunnable
         runnableDebuggingMode = "0">
         <BuildableReference
            BuildableIdentifier = "primary"
            BlueprintIdentifier = "873E4B691F1E0BAD00CCB400"
            BuildableName = "QQ&#x4fa7;&#x8fb9;&#x680f;.app"
            BlueprintName = "QQ&#x4fa7;&#x8fb9;&#x680f;"
            ReferencedContainer = "container:QQ&#x4fa7;&#x8fb9;&#x680f;.xcodeproj">
         </BuildableReference>
      </BuildableProductRunnable>
   </ProfileAction>
   <AnalyzeAction
      buildConfiguration = "Debug">
   </AnalyzeAction>
   <ArchiveAction
      buildConfiguration = "Release"
      revealArchiveInOrganizer = "YES">
   </ArchiveAction>
</Scheme>
